
Microsoft Visual Studio Solution File, Format Version 12.00
# Visual Studio Version 16
VisualStudioVersion = 16.0.32106.194
MinimumVisualStudioVersion = 10.0.40219.1
Project("{FAE04EC0-301F-11D3-BF4B-00C04F79EFBC}") = "eTicket", "eTicket.csproj", "{BAB655D7-EB5E-4D8E-8B2A-C8C429DC34C8}"
EndProject
Global
	GlobalSection(SolutionConfigurationPlatforms) = preSolution
		Debug|Any CPU = Debug|Any CPU
		Release|Any CPU = Release|Any CPU
	EndGlobalSection
	GlobalSection(ProjectConfigurationPlatforms) = postSolution
		{BAB655D7-EB5E-4D8E-8B2A-C8C429DC34C8}.Debug|Any CPU.ActiveCfg = Debug|Any CPU
		{BAB655D7-EB5E-4D8E-8B2A-C8C429DC34C8}.Debug|Any CPU.Build.0 = Debug|Any CPU
		{BAB655D7-EB5E-4D8E-8B2A-C8C429DC34C8}.Release|Any CPU.ActiveCfg = Release|Any CPU
		{BAB655D7-EB5E-4D8E-8B2A-C8C429DC34C8}.Release|Any CPU.Build.0 = Release|Any CPU
	EndGlobalSection
	GlobalSection(SolutionProperties) = preSolution
		HideSolutionNode = FALSE
	EndGlobalSection
	GlobalSection(ExtensibilityGlobals) = postSolution
		SolutionGuid = {7A97831D-2BF2-4438-AB0D-501132AB4761}
	EndGlobalSection
EndGlobal
